// !$*UTF8*$!
{
	archiveVersion = 1;
	classes = {
	};
	objectVersion = 56;
	objects = {

/* Begin PBXBuildFile section */
		C22D03852B4EF62E0028B8E9 /* App.xcframework in Frameworks */ = {isa = PBXBuildFile; fileRef = C22D037C2B4EF5EE0028B8E9 /* App.xcframework */; };
		C22D03862B4EF62E0028B8E9 /* App.xcframework in Embed Frameworks */ = {isa = PBXBuildFile; fileRef = C22D037C2B4EF5EE0028B8E9 /* App.xcframework */; settings = {ATTRIBUTES = (CodeSignOnCopy, RemoveHeadersOnCopy, ); }; };
		C22D03882B4EF6300028B8E9 /* flourish_flutter_sdk.xcframework in Frameworks */ = {isa = PBXBuildFile; fileRef = C22D037D2B4EF5EE0028B8E9 /* flourish_flutter_sdk.xcframework */; };
		C22D03892B4EF6300028B8E9 /* flourish_flutter_sdk.xcframework in Embed Frameworks */ = {isa = PBXBuildFile; fileRef = C22D037D2B4EF5EE0028B8E9 /* flourish_flutter_sdk.xcframework */; settings = {ATTRIBUTES = (CodeSignOnCopy, RemoveHeadersOnCopy, ); }; };
		C22D038A2B4EF6310028B8E9 /* Flutter.xcframework in Frameworks */ = {isa = PBXBuildFile; fileRef = C22D037F2B4EF5EE0028B8E9 /* Flutter.xcframework */; };
		C22D038B2B4EF6310028B8E9 /* Flutter.xcframework in Embed Frameworks */ = {isa = PBXBuildFile; fileRef = C22D037F2B4EF5EE0028B8E9 /* Flutter.xcframework */; settings = {ATTRIBUTES = (CodeSignOnCopy, RemoveHeadersOnCopy, ); }; };
		C22D038C2B4EF6320028B8E9 /* FlutterPluginRegistrant.xcframework in Frameworks */ = {isa = PBXBuildFile; fileRef = C22D037E2B4EF5EE0028B8E9 /* FlutterPluginRegistrant.xcframework */; };
		C22D038D2B4EF6320028B8E9 /* FlutterPluginRegistrant.xcframework in Embed Frameworks */ = {isa = PBXBuildFile; fileRef = C22D037E2B4EF5EE0028B8E9 /* FlutterPluginRegistrant.xcframework */; settings = {ATTRIBUTES = (CodeSignOnCopy, RemoveHeadersOnCopy, ); }; };
		C22D038E2B4EF6330028B8E9 /* webview_flutter_wkwebview.xcframework in Frameworks */ = {isa = PBXBuildFile; fileRef = C22D037B2B4EF5EE0028B8E9 /* webview_flutter_wkwebview.xcframework */; };
		C22D038F2B4EF6330028B8E9 /* webview_flutter_wkwebview.xcframework in Embed Frameworks */ = {isa = PBXBuildFile; fileRef = C22D037B2B4EF5EE0028B8E9 /* webview_flutter_wkwebview.xcframework */; settings = {ATTRIBUTES = (CodeSignOnCopy, RemoveHeadersOnCopy, ); }; };
		C26FDF932B4ED39C004A7602 /* flourish_ios_flutter_exampleApp.swift in Sources */ = {isa = PBXBuildFile; fileRef = C26FDF922B4ED39C004A7602 /* flourish_ios_flutter_exampleApp.swift */; };
		C26FDF952B4ED39C004A7602 /* ContentView.swift in Sources */ = {isa = PBXBuildFile; fileRef = C26FDF942B4ED39C004A7602 /* ContentView.swift */; };
		C26FDF972B4ED39E004A7602 /* Assets.xcassets in Resources */ = {isa = PBXBuildFile; fileRef = C26FDF962B4ED39E004A7602 /* Assets.xcassets */; };
		C26FDF9A2B4ED39E004A7602 /* Preview Assets.xcassets in Resources */ = {isa = PBXBuildFile; fileRef = C26FDF992B4ED39E004A7602 /* Preview Assets.xcassets */; };
/* End PBXBuildFile section */

/* Begin PBXCopyFilesBuildPhase section */
		C22D03872B4EF62E0028B8E9 /* Embed Frameworks */ = {
			isa = PBXCopyFilesBuildPhase;
			buildActionMask = 2147483647;
			dstPath = "";
			dstSubfolderSpec = 10;
			files = (
				C22D038F2B4EF6330028B8E9 /* webview_flutter_wkwebview.xcframework in Embed Frameworks */,
				C22D038B2B4EF6310028B8E9 /* Flutter.xcframework in Embed Frameworks */,
				C22D03892B4EF6300028B8E9 /* flourish_flutter_sdk.xcframework in Embed Frameworks */,
				C22D038D2B4EF6320028B8E9 /* FlutterPluginRegistrant.xcframework in Embed Frameworks */,
				C22D03862B4EF62E0028B8E9 /* App.xcframework in Embed Frameworks */,
			);
			name = "Embed Frameworks";
			runOnlyForDeploymentPostprocessing = 0;
		};
/* End PBXCopyFilesBuildPhase section */

/* Begin PBXFileReference section */
		C20184D02B4EF09600C115BB /* Release */ = {isa = PBXFileReference; lastKnownFileType = folder; name = Release; path = Flutter/Release; sourceTree = "<group>"; };
		C20184D22B4EF10000C115BB /* Debug */ = {isa = PBXFileReference; lastKnownFileType = folder; name = Debug; path = Flutter/Debug; sourceTree = "<group>"; };
		C20184D72B4EF41B00C115BB /* InterfaceBuilderKit.framework */ = {isa = PBXFileReference; lastKnownFileType = wrapper.framework; name = InterfaceBuilderKit.framework; path = Library/Frameworks/InterfaceBuilderKit.framework; sourceTree = DEVELOPER_DIR; };
		C22D037B2B4EF5EE0028B8E9 /* webview_flutter_wkwebview.xcframework */ = {isa = PBXFileReference; lastKnownFileType = wrapper.xcframework; name = webview_flutter_wkwebview.xcframework; path = Flutter/Release/webview_flutter_wkwebview.xcframework; sourceTree = "<group>"; };
		C22D037C2B4EF5EE0028B8E9 /* App.xcframework */ = {isa = PBXFileReference; lastKnownFileType = wrapper.xcframework; name = App.xcframework; path = Flutter/Release/App.xcframework; sourceTree = "<group>"; };
		C22D037D2B4EF5EE0028B8E9 /* flourish_flutter_sdk.xcframework */ = {isa = PBXFileReference; lastKnownFileType = wrapper.xcframework; name = flourish_flutter_sdk.xcframework; path = Flutter/Release/flourish_flutter_sdk.xcframework; sourceTree = "<group>"; };
		C22D037E2B4EF5EE0028B8E9 /* FlutterPluginRegistrant.xcframework */ = {isa = PBXFileReference; lastKnownFileType = wrapper.xcframework; name = FlutterPluginRegistrant.xcframework; path = Flutter/Release/FlutterPluginRegistrant.xcframework; sourceTree = "<group>"; };
		C22D037F2B4EF5EE0028B8E9 /* Flutter.xcframework */ = {isa = PBXFileReference; lastKnownFileType = wrapper.xcframework; name = Flutter.xcframework; path = Flutter/Release/Flutter.xcframework; sourceTree = "<group>"; };
		C26FDF8F2B4ED39C004A7602 /* flourish-ios-flutter-example.app */ = {isa = PBXFileReference; explicitFileType = wrapper.application; includeInIndex = 0; path = "flourish-ios-flutter-example.app"; sourceTree = BUILT_PRODUCTS_DIR; };
		C26FDF922B4ED39C004A7602 /* flourish_ios_flutter_exampleApp.swift */ = {isa = PBXFileReference; lastKnownFileType = sourcecode.swift; path = flourish_ios_flutter_exampleApp.swift; sourceTree = "<group>"; };
		C26FDF942B4ED39C004A7602 /* ContentView.swift */ = {isa = PBXFileReference; lastKnownFileType = sourcecode.swift; path = ContentView.swift; sourceTree = "<group>"; };
		C26FDF962B4ED39E004A7602 /* Assets.xcassets */ = {isa = PBXFileReference; lastKnownFileType = folder.assetcatalog; path = Assets.xcassets; sourceTree = "<group>"; };
		C26FDF992B4ED39E004A7602 /* Preview Assets.xcassets */ = {isa = PBXFileReference; lastKnownFileType = folder.assetcatalog; path = "Preview Assets.xcassets"; sourceTree = "<group>"; };
/* End PBXFileReference section */

/* Begin PBXFrameworksBuildPhase section */
		C26FDF8C2B4ED39C004A7602 /* Frameworks */ = {
			isa = PBXFrameworksBuildPhase;
			buildActionMask = 2147483647;
			files = (
				C22D038E2B4EF6330028B8E9 /* webview_flutter_wkwebview.xcframework in Frameworks */,
				C22D038A2B4EF6310028B8E9 /* Flutter.xcframework in Frameworks */,
				C22D03852B4EF62E0028B8E9 /* App.xcframework in Frameworks */,
				C22D038C2B4EF6320028B8E9 /* FlutterPluginRegistrant.xcframework in Frameworks */,
				C22D03882B4EF6300028B8E9 /* flourish_flutter_sdk.xcframework in Frameworks */,
			);
			runOnlyForDeploymentPostprocessing = 0;
		};
/* End PBXFrameworksBuildPhase section */

/* Begin PBXGroup section */
		C20184CF2B4EF09600C115BB /* Frameworks */ = {
			isa = PBXGroup;
			children = (
				C22D037C2B4EF5EE0028B8E9 /* App.xcframework */,
				C22D037D2B4EF5EE0028B8E9 /* flourish_flutter_sdk.xcframework */,
				C22D037F2B4EF5EE0028B8E9 /* Flutter.xcframework */,
				C22D037E2B4EF5EE0028B8E9 /* FlutterPluginRegistrant.xcframework */,
				C22D037B2B4EF5EE0028B8E9 /* webview_flutter_wkwebview.xcframework */,
				C20184D72B4EF41B00C115BB /* InterfaceBuilderKit.framework */,
				C20184D22B4EF10000C115BB /* Debug */,
				C20184D02B4EF09600C115BB /* Release */,
			);
			name = Frameworks;
			sourceTree = "<group>";
		};
		C26FDF862B4ED39C004A7602 = {
			isa = PBXGroup;
			children = (
				C26FDF912B4ED39C004A7602 /* flourish-ios-flutter-example */,
				C26FDF902B4ED39C004A7602 /* Products */,
				C20184CF2B4EF09600C115BB /* Frameworks */,
			);
			sourceTree = "<group>";
		};
		C26FDF902B4ED39C004A7602 /* Products */ = {
			isa = PBXGroup;
			children = (
				C26FDF8F2B4ED39C004A7602 /* flourish-ios-flutter-example.app */,
			);
			name = Products;
			sourceTree = "<group>";
		};
		C26FDF912B4ED39C004A7602 /* flourish-ios-flutter-example */ = {
			isa = PBXGroup;
			children = (
				C26FDF922B4ED39C004A7602 /* flourish_ios_flutter_exampleApp.swift */,
				C26FDF942B4ED39C004A7602 /* ContentView.swift */,
				C26FDF962B4ED39E004A7602 /* Assets.xcassets */,
				C26FDF982B4ED39E004A7602 /* Preview Content */,
			);
			path = "flourish-ios-flutter-example";
			sourceTree = "<group>";
		};
		C26FDF982B4ED39E004A7602 /* Preview Content */ = {
			isa = PBXGroup;
			children = (
				C26FDF992B4ED39E004A7602 /* Preview Assets.xcassets */,
			);
			path = "Preview Content";
			sourceTree = "<group>";
		};
/* End PBXGroup section */

/* Begin PBXNativeTarget section */
		C26FDF8E2B4ED39C004A7602 /* flourish-ios-flutter-example */ = {
			isa = PBXNativeTarget;
			buildConfigurationList = C26FDF9D2B4ED39E004A7602 /* Build configuration list for PBXNativeTarget "flourish-ios-flutter-example" */;
			buildPhases = (
				C26FDF8B2B4ED39C004A7602 /* Sources */,
				C26FDF8C2B4ED39C004A7602 /* Frameworks */,
				C26FDF8D2B4ED39C004A7602 /* Resources */,
				C22D03872B4EF62E0028B8E9 /* Embed Frameworks */,
			);
			buildRules = (
			);
			dependencies = (
			);
			name = "flourish-ios-flutter-example";
			productName = "flourish-ios-flutter-example";
			productReference = C26FDF8F2B4ED39C004A7602 /* flourish-ios-flutter-example.app */;
			productType = "com.apple.product-type.application";
		};
/* End PBXNativeTarget section */

/* Begin PBXProject section */
		C26FDF872B4ED39C004A7602 /* Project object */ = {
			isa = PBXProject;
			attributes = {
				BuildIndependentTargetsInParallel = 1;
				LastSwiftUpdateCheck = 1520;
				LastUpgradeCheck = 1520;
				TargetAttributes = {
					C26FDF8E2B4ED39C004A7602 = {
						CreatedOnToolsVersion = 15.2;
					};
				};
			};
			buildConfigurationList = C26FDF8A2B4ED39C004A7602 /* Build configuration list for PBXProject "flourish-ios-flutter-example" */;
			compatibilityVersion = "Xcode 14.0";
			developmentRegion = en;
			hasScannedForEncodings = 0;
			knownRegions = (
				en,
				Base,
			);
			mainGroup = C26FDF862B4ED39C004A7602;
			productRefGroup = C26FDF902B4ED39C004A7602 /* Products */;
			projectDirPath = "";
			projectRoot = "";
			targets = (
				C26FDF8E2B4ED39C004A7602 /* flourish-ios-flutter-example */,
			);
		};
/* End PBXProject section */

/* Begin PBXResourcesBuildPhase section */
		C26FDF8D2B4ED39C004A7602 /* Resources */ = {
			isa = PBXResourcesBuildPhase;
			buildActionMask = 2147483647;
			files = (
				C26FDF9A2B4ED39E004A7602 /* Preview Assets.xcassets in Resources */,
				C26FDF972B4ED39E004A7602 /* Assets.xcassets in Resources */,
			);
			runOnlyForDeploymentPostprocessing = 0;
		};
/* End PBXResourcesBuildPhase section */

/* Begin PBXSourcesBuildPhase section */
		C26FDF8B2B4ED39C004A7602 /* Sources */ = {
			isa = PBXSourcesBuildPhase;
			buildActionMask = 2147483647;
			files = (
				C26FDF952B4ED39C004A7602 /* ContentView.swift in Sources */,
				C26FDF932B4ED39C004A7602 /* flourish_ios_flutter_exampleApp.swift in Sources */,
			);
			runOnlyForDeploymentPostprocessing = 0;
		};
/* End PBXSourcesBuildPhase section */

/* Begin XCBuildConfiguration section */
		C26FDF9B2B4ED39E004A7602 /* Debug */ = {
			isa = XCBuildConfiguration;
			buildSettings = {
				ALWAYS_SEARCH_USER_PATHS = NO;
				ASSETCATALOG_COMPILER_GENERATE_SWIFT_ASSET_SYMBOL_EXTENSIONS = YES;
				CLANG_ANALYZER_NONNULL = YES;
				CLANG_ANALYZER_NUMBER_OBJECT_CONVERSION = YES_AGGRESSIVE;
				CLANG_CXX_LANGUAGE_STANDARD = "gnu++20";
				CLANG_ENABLE_MODULES = YES;
				CLANG_ENABLE_OBJC_ARC = YES;
				CLANG_ENABLE_OBJC_WEAK = YES;
				CLANG_WARN_BLOCK_CAPTURE_AUTORELEASING = YES;
				CLANG_WARN_BOOL_CONVERSION = YES;
				CLANG_WARN_COMMA = YES;
				CLANG_WARN_CONSTANT_CONVERSION = YES;
				CLANG_WARN_DEPRECATED_OBJC_IMPLEMENTATIONS = YES;
				CLANG_WARN_DIRECT_OBJC_ISA_USAGE = YES_ERROR;
				CLANG_WARN_DOCUMENTATION_COMMENTS = YES;
				CLANG_WARN_EMPTY_BODY = YES;
				CLANG_WARN_ENUM_CONVERSION = YES;
				CLANG_WARN_INFINITE_RECURSION = YES;
				CLANG_WARN_INT_CONVERSION = YES;
				CLANG_WARN_NON_LITERAL_NULL_CONVERSION = YES;
				CLANG_WARN_OBJC_IMPLICIT_RETAIN_SELF = YES;
				CLANG_WARN_OBJC_LITERAL_CONVERSION = YES;
				CLANG_WARN_OBJC_ROOT_CLASS = YES_ERROR;
				CLANG_WARN_QUOTED_INCLUDE_IN_FRAMEWORK_HEADER = YES;
				CLANG_WARN_RANGE_LOOP_ANALYSIS = YES;
				CLANG_WARN_STRICT_PROTOTYPES = YES;
				CLANG_WARN_SUSPICIOUS_MOVE = YES;
				CLANG_WARN_UNGUARDED_AVAILABILITY = YES_AGGRESSIVE;
				CLANG_WARN_UNREACHABLE_CODE = YES;
				CLANG_WARN__DUPLICATE_METHOD_MATCH = YES;
				COPY_PHASE_STRIP = NO;
				DEBUG_INFORMATION_FORMAT = dwarf;
				ENABLE_STRICT_OBJC_MSGSEND = YES;
				ENABLE_TESTABILITY = YES;
				ENABLE_USER_SCRIPT_SANDBOXING = YES;
				GCC_C_LANGUAGE_STANDARD = gnu17;
				GCC_DYNAMIC_NO_PIC = NO;
				GCC_NO_COMMON_BLOCKS = YES;
				GCC_OPTIMIZATION_LEVEL = 0;
				GCC_PREPROCESSOR_DEFINITIONS = (
					"DEBUG=1",
					"$(inherited)",
				);
				GCC_WARN_64_TO_32_BIT_CONVERSION = YES;
				GCC_WARN_ABOUT_RETURN_TYPE = YES_ERROR;
				GCC_WARN_UNDECLARED_SELECTOR = YES;
				GCC_WARN_UNINITIALIZED_AUTOS = YES_AGGRESSIVE;
				GCC_WARN_UNUSED_FUNCTION = YES;
				GCC_WARN_UNUSED_VARIABLE = YES;
				IPHONEOS_DEPLOYMENT_TARGET = 17.2;
				LOCALIZATION_PREFERS_STRING_CATALOGS = YES;
				MTL_ENABLE_DEBUG_INFO = INCLUDE_SOURCE;
				MTL_FAST_MATH = YES;
				ONLY_ACTIVE_ARCH = YES;
				SDKROOT = iphoneos;
				SWIFT_ACTIVE_COMPILATION_CONDITIONS = "DEBUG $(inherited)";
				SWIFT_OPTIMIZATION_LEVEL = "-Onone";
			};
			name = Debug;
		};
		C26FDF9C2B4ED39E004A7602 /* Release */ = {
			isa = XCBuildConfiguration;
			buildSettings = {
				ALWAYS_SEARCH_USER_PATHS = NO;
				ASSETCATALOG_COMPILER_GENERATE_SWIFT_ASSET_SYMBOL_EXTENSIONS = YES;
				CLANG_ANALYZER_NONNULL = YES;
				CLANG_ANALYZER_NUMBER_OBJECT_CONVERSION = YES_AGGRESSIVE;
				CLANG_CXX_LANGUAGE_STANDARD = "gnu++20";
				CLANG_ENABLE_MODULES = YES;
				CLANG_ENABLE_OBJC_ARC = YES;
				CLANG_ENABLE_OBJC_WEAK = YES;
				CLANG_WARN_BLOCK_CAPTURE_AUTORELEASING = YES;
				CLANG_WARN_BOOL_CONVERSION = YES;
				CLANG_WARN_COMMA = YES;
				CLANG_WARN_CONSTANT_CONVERSION = YES;
				CLANG_WARN_DEPRECATED_OBJC_IMPLEMENTATIONS = YES;
				CLANG_WARN_DIRECT_OBJC_ISA_USAGE = YES_ERROR;
				CLANG_WARN_DOCUMENTATION_COMMENTS = YES;
				CLANG_WARN_EMPTY_BODY = YES;
				CLANG_WARN_ENUM_CONVERSION = YES;
				CLANG_WARN_INFINITE_RECURSION = YES;
				CLANG_WARN_INT_CONVERSION = YES;
				CLANG_WARN_NON_LITERAL_NULL_CONVERSION = YES;
				CLANG_WARN_OBJC_IMPLICIT_RETAIN_SELF = YES;
				CLANG_WARN_OBJC_LITERAL_CONVERSION = YES;
				CLANG_WARN_OBJC_ROOT_CLASS = YES_ERROR;
				CLANG_WARN_QUOTED_INCLUDE_IN_FRAMEWORK_HEADER = YES;
				CLANG_WARN_RANGE_LOOP_ANALYSIS = YES;
				CLANG_WARN_STRICT_PROTOTYPES = YES;
				CLANG_WARN_SUSPICIOUS_MOVE = YES;
				CLANG_WARN_UNGUARDED_AVAILABILITY = YES_AGGRESSIVE;
				CLANG_WARN_UNREACHABLE_CODE = YES;
				CLANG_WARN__DUPLICATE_METHOD_MATCH = YES;
				COPY_PHASE_STRIP = NO;
				DEBUG_INFORMATION_FORMAT = "dwarf-with-dsym";
				ENABLE_NS_ASSERTIONS = NO;
				ENABLE_STRICT_OBJC_MSGSEND = YES;
				ENABLE_USER_SCRIPT_SANDBOXING = YES;
				GCC_C_LANGUAGE_STANDARD = gnu17;
				GCC_NO_COMMON_BLOCKS = YES;
				GCC_WARN_64_TO_32_BIT_CONVERSION = YES;
				GCC_WARN_ABOUT_RETURN_TYPE = YES_ERROR;
				GCC_WARN_UNDECLARED_SELECTOR = YES;
				GCC_WARN_UNINITIALIZED_AUTOS = YES_AGGRESSIVE;
				GCC_WARN_UNUSED_FUNCTION = YES;
				GCC_WARN_UNUSED_VARIABLE = YES;
				IPHONEOS_DEPLOYMENT_TARGET = 17.2;
				LOCALIZATION_PREFERS_STRING_CATALOGS = YES;
				MTL_ENABLE_DEBUG_INFO = NO;
				MTL_FAST_MATH = YES;
				SDKROOT = iphoneos;
				SWIFT_COMPILATION_MODE = wholemodule;
				VALIDATE_PRODUCT = YES;
			};
			name = Release;
		};
		C26FDF9E2B4ED39E004A7602 /* Debug */ = {
			isa = XCBuildConfiguration;
			buildSettings = {
				ASSETCATALOG_COMPILER_APPICON_NAME = AppIcon;
				ASSETCATALOG_COMPILER_GLOBAL_ACCENT_COLOR_NAME = AccentColor;
				CODE_SIGN_STYLE = Automatic;
				CURRENT_PROJECT_VERSION = 1;
				DEVELOPMENT_ASSET_PATHS = "\"flourish-ios-flutter-example/Preview Content\"";
				DEVELOPMENT_TEAM = 7QZM22RD38;
				ENABLE_PREVIEWS = YES;
				GENERATE_INFOPLIST_FILE = YES;
				INFOPLIST_KEY_UIApplicationSceneManifest_Generation = YES;
				INFOPLIST_KEY_UIApplicationSupportsIndirectInputEvents = YES;
				INFOPLIST_KEY_UILaunchScreen_Generation = YES;
				INFOPLIST_KEY_UISupportedInterfaceOrientations_iPad = "UIInterfaceOrientationPortrait UIInterfaceOrientationPortraitUpsideDown UIInterfaceOrientationLandscapeLeft UIInterfaceOrientationLandscapeRight";
				INFOPLIST_KEY_UISupportedInterfaceOrientations_iPhone = "UIInterfaceOrientationPortrait UIInterfaceOrientationLandscapeLeft UIInterfaceOrientationLandscapeRight";
				LD_RUNPATH_SEARCH_PATHS = (
					"$(inherited)",
					"@executable_path/Frameworks",
				);
				MARKETING_VERSION = 1.0;
				PRODUCT_BUNDLE_IDENTIFIER = "flourishfi.flourish-ios-flutter-example";
				PRODUCT_NAME = "$(TARGET_NAME)";
				SWIFT_EMIT_LOC_STRINGS = YES;
				SWIFT_VERSION = 5.0;
				TARGETED_DEVICE_FAMILY = "1,2";
			};
			name = Debug;
		};
		C26FDF9F2B4ED39E004A7602 /* Release */ = {
			isa = XCBuildConfiguration;
			buildSettings = {
				ASSETCATALOG_COMPILER_APPICON_NAME = AppIcon;
				ASSETCATALOG_COMPILER_GLOBAL_ACCENT_COLOR_NAME = AccentColor;
				CODE_SIGN_STYLE = Automatic;
				CURRENT_PROJECT_VERSION = 1;
				DEVELOPMENT_ASSET_PATHS = "\"flourish-ios-flutter-example/Preview Content\"";
				DEVELOPMENT_TEAM = 7QZM22RD38;
				ENABLE_PREVIEWS = YES;
				GENERATE_INFOPLIST_FILE = YES;
				INFOPLIST_KEY_UIApplicationSceneManifest_Generation = YES;
				INFOPLIST_KEY_UIApplicationSupportsIndirectInputEvents = YES;
				INFOPLIST_KEY_UILaunchScreen_Generation = YES;
				INFOPLIST_KEY_UISupportedInterfaceOrientations_iPad = "UIInterfaceOrientationPortrait UIInterfaceOrientationPortraitUpsideDown UIInterfaceOrientationLandscapeLeft UIInterfaceOrientationLandscapeRight";
				INFOPLIST_KEY_UISupportedInterfaceOrientations_iPhone = "UIInterfaceOrientationPortrait UIInterfaceOrientationLandscapeLeft UIInterfaceOrientationLandscapeRight";
				LD_RUNPATH_SEARCH_PATHS = (
					"$(inherited)",
					"@executable_path/Frameworks",
				);
				MARKETING_VERSION = 1.0;
				PRODUCT_BUNDLE_IDENTIFIER = "flourishfi.flourish-ios-flutter-example";
				PRODUCT_NAME = "$(TARGET_NAME)";
				SWIFT_EMIT_LOC_STRINGS = YES;
				SWIFT_VERSION = 5.0;
				TARGETED_DEVICE_FAMILY = "1,2";
			};
			name = Release;
		};
/* End XCBuildConfiguration section */

/* Begin XCConfigurationList section */
		C26FDF8A2B4ED39C004A7602 /* Build configuration list for PBXProject "flourish-ios-flutter-example" */ = {
			isa = XCConfigurationList;
			buildConfigurations = (
				C26FDF9B2B4ED39E004A7602 /* Debug */,
				C26FDF9C2B4ED39E004A7602 /* Release */,
			);
			defaultConfigurationIsVisible = 0;
			defaultConfigurationName = Release;
		};
		C26FDF9D2B4ED39E004A7602 /* Build configuration list for PBXNativeTarget "flourish-ios-flutter-example" */ = {
			isa = XCConfigurationList;
			buildConfigurations = (
				C26FDF9E2B4ED39E004A7602 /* Debug */,
				C26FDF9F2B4ED39E004A7602 /* Release */,
			);
			defaultConfigurationIsVisible = 0;
			defaultConfigurationName = Release;
		};
/* End XCConfigurationList section */
	};
	rootObject = C26FDF872B4ED39C004A7602 /* Project object */;
}
